
Microsoft Visual Studio Solution File, Format Version 12.00
# Visual Studio Version 16
VisualStudioVersion = 16.0.31729.503
MinimumVisualStudioVersion = 10.0.40219.1
Project("{9A19103F-16F7-4668-BE54-9A1E7A4F7556}") = "Advice Slip MiddleMan API", "Advice Slip MiddleMan API\Advice Slip MiddleMan API.csproj", "{D416154C-E7DB-42C0-94C7-8BBFEDF473CA}"
EndProject
Project("{FAE04EC0-301F-11D3-BF4B-00C04F79EFBC}") = "Advice Slip MiddleMan API Tests", "Advice Slip MiddleMan API Tests\Advice Slip MiddleMan API Tests.csproj", "{08D5C72B-8A37-4CE4-AB46-466A9BB50E00}"
EndProject
Global
	GlobalSection(SolutionConfigurationPlatforms) = preSolution
		Debug|Any CPU = Debug|Any CPU
		Release|Any CPU = Release|Any CPU
	EndGlobalSection
	GlobalSection(ProjectConfigurationPlatforms) = postSolution
		{D416154C-E7DB-42C0-94C7-8BBFEDF473CA}.Debug|Any CPU.ActiveCfg = Debug|Any CPU
		{D416154C-E7DB-42C0-94C7-8BBFEDF473CA}.Debug|Any CPU.Build.0 = Debug|Any CPU
		{D416154C-E7DB-42C0-94C7-8BBFEDF473CA}.Release|Any CPU.ActiveCfg = Release|Any CPU
		{D416154C-E7DB-42C0-94C7-8BBFEDF473CA}.Release|Any CPU.Build.0 = Release|Any CPU
		{08D5C72B-8A37-4CE4-AB46-466A9BB50E00}.Debug|Any CPU.ActiveCfg = Debug|Any CPU
		{08D5C72B-8A37-4CE4-AB46-466A9BB50E00}.Debug|Any CPU.Build.0 = Debug|Any CPU
		{08D5C72B-8A37-4CE4-AB46-466A9BB50E00}.Release|Any CPU.ActiveCfg = Release|Any CPU
		{08D5C72B-8A37-4CE4-AB46-466A9BB50E00}.Release|Any CPU.Build.0 = Release|Any CPU
	EndGlobalSection
	GlobalSection(SolutionProperties) = preSolution
		HideSolutionNode = FALSE
	EndGlobalSection
	GlobalSection(ExtensibilityGlobals) = postSolution
		SolutionGuid = {0F7CCF00-2B84-40EA-B408-0BB709480855}
	EndGlobalSection
EndGlobal
